
Microsoft Visual Studio Solution File, Format Version 12.00
# Visual Studio Version 17
VisualStudioVersion = 17.7.34024.191
MinimumVisualStudioVersion = 10.0.40219.1
Project("{8BC9CEB8-8B4A-11D0-8D11-00A0C91BC942}") = "DigitRecog", "DigitRecog\DigitRecog.vcxproj", "{DFA1E084-A54A-48C4-9960-F32A712C0E13}"
EndProject
Global
	GlobalSection(SolutionConfigurationPlatforms) = preSolution
		Debug|x64 = Debug|x64
		Debug|x86 = Debug|x86
		Release|x64 = Release|x64
		Release|x86 = Release|x86
	EndGlobalSection
	GlobalSection(ProjectConfigurationPlatforms) = postSolution
		{DFA1E084-A54A-48C4-9960-F32A712C0E13}.Debug|x64.ActiveCfg = Debug|x64
		{DFA1E084-A54A-48C4-9960-F32A712C0E13}.Debug|x64.Build.0 = Debug|x64
		{DFA1E084-A54A-48C4-9960-F32A712C0E13}.Debug|x86.ActiveCfg = Debug|Win32
		{DFA1E084-A54A-48C4-9960-F32A712C0E13}.Debug|x86.Build.0 = Debug|Win32
		{DFA1E084-A54A-48C4-9960-F32A712C0E13}.Release|x64.ActiveCfg = Release|x64
		{DFA1E084-A54A-48C4-9960-F32A712C0E13}.Release|x64.Build.0 = Release|x64
		{DFA1E084-A54A-48C4-9960-F32A712C0E13}.Release|x86.ActiveCfg = Release|Win32
		{DFA1E084-A54A-48C4-9960-F32A712C0E13}.Release|x86.Build.0 = Release|Win32
	EndGlobalSection
	GlobalSection(SolutionProperties) = preSolution
		HideSolutionNode = FALSE
	EndGlobalSection
	GlobalSection(ExtensibilityGlobals) = postSolution
		SolutionGuid = {4175036D-91BA-4F56-95ED-88956CE817F8}
	EndGlobalSection
EndGlobal
